Microsoft Visual Studio Solution File, Format Version 12.00
# Visual Studio Version 17
VisualStudioVersion = 17.5.2.0
MinimumVisualStudioVersion = 10.0.40219.1
Project("{2150E333-8FDC-42A3-9474-1A3956D46DE8}") = "SaturnV_LVDC_Simulator", "SaturnV_LVDC_Simulator", "{2F5F2A33-D649-F85F-9693-EEE7646AC36C}"
EndProject
Project("{2150E333-8FDC-42A3-9474-1A3956D46DE8}") = "src", "src", "{63AF0C35-2E24-29CE-5906-7991FE45D391}"
EndProject
Project("{2150E333-8FDC-42A3-9474-1A3956D46DE8}") = "ui", "ui", "{0F31AAEB-82BD-DA7C-CE66-8A0CCF057623}"
EndProject
Project("{2150E333-8FDC-42A3-9474-1A3956D46DE8}") = "windows_gui", "windows_gui", "{7E361FAD-0F12-30B4-0582-E374695477B1}"
EndProject
Project("{FAE04EC0-301F-11D3-BF4B-00C04F79EFBC}") = "LVDC_Dashboard", "SaturnV_LVDC_Simulator\src\ui\windows_gui\LVDC_Dashboard.csproj", "{C7028C68-95FE-4606-450D-8A40D59824E1}"
EndProject
Global
	GlobalSection(SolutionConfigurationPlatforms) = preSolution
		Debug|Any CPU = Debug|Any CPU
		Release|Any CPU = Release|Any CPU
	EndGlobalSection
	GlobalSection(ProjectConfigurationPlatforms) = postSolution
		{C7028C68-95FE-4606-450D-8A40D59824E1}.Debug|Any CPU.ActiveCfg = Debug|Any CPU
		{C7028C68-95FE-4606-450D-8A40D59824E1}.Debug|Any CPU.Build.0 = Debug|Any CPU
		{C7028C68-95FE-4606-450D-8A40D59824E1}.Release|Any CPU.ActiveCfg = Release|Any CPU
		{C7028C68-95FE-4606-450D-8A40D59824E1}.Release|Any CPU.Build.0 = Release|Any CPU
	EndGlobalSection
	GlobalSection(SolutionProperties) = preSolution
		HideSolutionNode = FALSE
	EndGlobalSection
	GlobalSection(NestedProjects) = preSolution
		{63AF0C35-2E24-29CE-5906-7991FE45D391} = {2F5F2A33-D649-F85F-9693-EEE7646AC36C}
		{0F31AAEB-82BD-DA7C-CE66-8A0CCF057623} = {63AF0C35-2E24-29CE-5906-7991FE45D391}
		{7E361FAD-0F12-30B4-0582-E374695477B1} = {0F31AAEB-82BD-DA7C-CE66-8A0CCF057623}
		{C7028C68-95FE-4606-450D-8A40D59824E1} = {7E361FAD-0F12-30B4-0582-E374695477B1}
	EndGlobalSection
	GlobalSection(ExtensibilityGlobals) = postSolution
		SolutionGuid = {63998B3B-51B3-45BE-BEFD-6AF023D76255}
	EndGlobalSection
EndGlobal
